// !$*UTF8*$!
{
	archiveVersion = 1;
	classes = {
	};
	objectVersion = 51;
	objects = {

/* Begin PBXBuildFile section */
		43436A1025AA55C4008A047D /* SurveyService.swift in Sources */ = {isa = PBXBuildFile; fileRef = 43436A0F25AA55C4008A047D /* SurveyService.swift */; };
		434482C625AC3BE7004D660E /* SurveyDetailViewController.swift in Sources */ = {isa = PBXBuildFile; fileRef = 434482C525AC3BE7004D660E /* SurveyDetailViewController.swift */; };
		434482DE25AE03F9004D660E /* BaseService.swift in Sources */ = {isa = PBXBuildFile; fileRef = 434482DD25AE03F9004D660E /* BaseService.swift */; };
		434482E225AE041E004D660E /* AlamofireRequestModal.swift in Sources */ = {isa = PBXBuildFile; fileRef = 434482E125AE041E004D660E /* AlamofireRequestModal.swift */; };
		434482E625AEA6CA004D660E /* LoginViewControllerTests.swift in Sources */ = {isa = PBXBuildFile; fileRef = 434482E525AEA6CA004D660E /* LoginViewControllerTests.swift */; };
		434482EC25AEACD9004D660E /* AuthenticationServiceTests.swift in Sources */ = {isa = PBXBuildFile; fileRef = 434482EB25AEACD9004D660E /* AuthenticationServiceTests.swift */; };
		4347C93925A5E1BA004F6E68 /* Constants.swift in Sources */ = {isa = PBXBuildFile; fileRef = 4347C93825A5E1BA004F6E68 /* Constants.swift */; };
		4347C94C25A5FE33004F6E68 /* LoginRequest.swift in Sources */ = {isa = PBXBuildFile; fileRef = 4347C94B25A5FE33004F6E68 /* LoginRequest.swift */; };
		4347C95025A5FE8D004F6E68 /* AuthenticationService.swift in Sources */ = {isa = PBXBuildFile; fileRef = 4347C94F25A5FE8D004F6E68 /* AuthenticationService.swift */; };
		4347C95325A60284004F6E68 /* User.swift in Sources */ = {isa = PBXBuildFile; fileRef = 4347C95225A60284004F6E68 /* User.swift */; };
		4360728725A592DE0043F672 /* AppDelegate.swift in Sources */ = {isa = PBXBuildFile; fileRef = 4360728625A592DE0043F672 /* AppDelegate.swift */; };
		4360728925A592DE0043F672 /* SceneDelegate.swift in Sources */ = {isa = PBXBuildFile; fileRef = 4360728825A592DE0043F672 /* SceneDelegate.swift */; };
		4360728B25A592DE0043F672 /* LoginScreenViewController.swift in Sources */ = {isa = PBXBuildFile; fileRef = 4360728A25A592DE0043F672 /* LoginScreenViewController.swift */; };
		4360729025A592E10043F672 /* Assets.xcassets in Resources */ = {isa = PBXBuildFile; fileRef = 4360728F25A592E10043F672 /* Assets.xcassets */; };
		4360729325A592E10043F672 /* LaunchScreen.storyboard in Resources */ = {isa = PBXBuildFile; fileRef = 4360729125A592E10043F672 /* LaunchScreen.storyboard */; };
		43DB9AD125A63EDF008707CF /* HomeViewController.swift in Sources */ = {isa = PBXBuildFile; fileRef = 43DB9AD025A63EDF008707CF /* HomeViewController.swift */; };
		43E3D02925A7052700F7F9C9 /* SurveyCardView.swift in Sources */ = {isa = PBXBuildFile; fileRef = 43E3D02825A7052700F7F9C9 /* SurveyCardView.swift */; };
		43E3D02F25A70B3500F7F9C9 /* Survey.swift in Sources */ = {isa = PBXBuildFile; fileRef = 43E3D02E25A70B3500F7F9C9 /* Survey.swift */; };
		43E977F125AED814009E13EA /* UIImage+Extensions.swift in Sources */ = {isa = PBXBuildFile; fileRef = 43E977EA25AED814009E13EA /* UIImage+Extensions.swift */; };
		43E977F225AED814009E13EA /* UIButton+Extensions.swift in Sources */ = {isa = PBXBuildFile; fileRef = 43E977EB25AED814009E13EA /* UIButton+Extensions.swift */; };
		43E977F325AED814009E13EA /* String+Extensions.swift in Sources */ = {isa = PBXBuildFile; fileRef = 43E977EC25AED814009E13EA /* String+Extensions.swift */; };
		43E977F425AED814009E13EA /* UITextField+Extensions.swift in Sources */ = {isa = PBXBuildFile; fileRef = 43E977ED25AED814009E13EA /* UITextField+Extensions.swift */; };
		43E977F525AED814009E13EA /* Encodable+Extensions.swift in Sources */ = {isa = PBXBuildFile; fileRef = 43E977EE25AED814009E13EA /* Encodable+Extensions.swift */; };
		43E977F625AED814009E13EA /* UIImageView+Extensions.swift in Sources */ = {isa = PBXBuildFile; fileRef = 43E977EF25AED814009E13EA /* UIImageView+Extensions.swift */; };
		43E977F725AED814009E13EA /* UIView+Extensions.swift in Sources */ = {isa = PBXBuildFile; fileRef = 43E977F025AED814009E13EA /* UIView+Extensions.swift */; };
		43E977FB25AED9A9009E13EA /* HomeViewControllerTests.swift in Sources */ = {isa = PBXBuildFile; fileRef = 43E977FA25AED9A9009E13EA /* HomeViewControllerTests.swift */; };
		E97CDAC147AB13970F4B3E3E /* Pods_SurveyApp.framework in Frameworks */ = {isa = PBXBuildFile; fileRef = 5DC3CD4C83C8055806491619 /* Pods_SurveyApp.framework */; };
/* End PBXBuildFile section */

/* Begin PBXContainerItemProxy section */
		43E3D01E25A6F0A700F7F9C9 /* PBXContainerItemProxy */ = {
			isa = PBXContainerItemProxy;
			containerPortal = 4360727B25A592DE0043F672 /* Project object */;
			proxyType = 1;
			remoteGlobalIDString = 4360728225A592DE0043F672;
			remoteInfo = SurveyApp;
		};
/* End PBXContainerItemProxy section */

/* Begin PBXFileReference section */
		3DCAC3D59C39B25B63D5BCF2 /* Pods-SurveyApp.release.xcconfig */ = {isa = PBXFileReference; includeInIndex = 1; lastKnownFileType = text.xcconfig; name = "Pods-SurveyApp.release.xcconfig"; path = "Target Support Files/Pods-SurveyApp/Pods-SurveyApp.release.xcconfig"; sourceTree = "<group>"; };
		43436A0F25AA55C4008A047D /* SurveyService.swift */ = {isa = PBXFileReference; lastKnownFileType = sourcecode.swift; path = SurveyService.swift; sourceTree = "<group>"; };
		434482C525AC3BE7004D660E /* SurveyDetailViewController.swift */ = {isa = PBXFileReference; lastKnownFileType = sourcecode.swift; path = SurveyDetailViewController.swift; sourceTree = "<group>"; };
		434482DD25AE03F9004D660E /* BaseService.swift */ = {isa = PBXFileReference; lastKnownFileType = sourcecode.swift; path = BaseService.swift; sourceTree = "<group>"; };
		434482E125AE041E004D660E /* AlamofireRequestModal.swift */ = {isa = PBXFileReference; lastKnownFileType = sourcecode.swift; path = AlamofireRequestModal.swift; sourceTree = "<group>"; };
		434482E525AEA6CA004D660E /* LoginViewControllerTests.swift */ = {isa = PBXFileReference; lastKnownFileType = sourcecode.swift; path = LoginViewControllerTests.swift; sourceTree = "<group>"; };
		434482EB25AEACD9004D660E /* AuthenticationServiceTests.swift */ = {isa = PBXFileReference; lastKnownFileType = sourcecode.swift; path = AuthenticationServiceTests.swift; sourceTree = "<group>"; };
		4347C93825A5E1BA004F6E68 /* Constants.swift */ = {isa = PBXFileReference; lastKnownFileType = sourcecode.swift; path = Constants.swift; sourceTree = "<group>"; };
		4347C94B25A5FE33004F6E68 /* LoginRequest.swift */ = {isa = PBXFileReference; lastKnownFileType = sourcecode.swift; path = LoginRequest.swift; sourceTree = "<group>"; };
		4347C94F25A5FE8D004F6E68 /* AuthenticationService.swift */ = {isa = PBXFileReference; lastKnownFileType = sourcecode.swift; path = AuthenticationService.swift; sourceTree = "<group>"; };
		4347C95225A60284004F6E68 /* User.swift */ = {isa = PBXFileReference; lastKnownFileType = sourcecode.swift; path = User.swift; sourceTree = "<group>"; };
		4360728325A592DE0043F672 /* SurveyApp.app */ = {isa = PBXFileReference; explicitFileType = wrapper.application; includeInIndex = 0; path = SurveyApp.app; sourceTree = BUILT_PRODUCTS_DIR; };
		4360728625A592DE0043F672 /* AppDelegate.swift */ = {isa = PBXFileReference; lastKnownFileType = sourcecode.swift; path = AppDelegate.swift; sourceTree = "<group>"; };
		4360728825A592DE0043F672 /* SceneDelegate.swift */ = {isa = PBXFileReference; lastKnownFileType = sourcecode.swift; path = SceneDelegate.swift; sourceTree = "<group>"; };
		4360728A25A592DE0043F672 /* LoginScreenViewController.swift */ = {isa = PBXFileReference; lastKnownFileType = sourcecode.swift; path = LoginScreenViewController.swift; sourceTree = "<group>"; };
		4360728F25A592E10043F672 /* Assets.xcassets */ = {isa = PBXFileReference; lastKnownFileType = folder.assetcatalog; path = Assets.xcassets; sourceTree = "<group>"; };
		4360729225A592E10043F672 /* Base */ = {isa = PBXFileReference; lastKnownFileType = file.storyboard; name = Base; path = Base.lproj/LaunchScreen.storyboard; sourceTree = "<group>"; };
		4360729425A592E10043F672 /* Info.plist */ = {isa = PBXFileReference; lastKnownFileType = text.plist.xml; path = Info.plist; sourceTree = "<group>"; };
		43DB9AD025A63EDF008707CF /* HomeViewController.swift */ = {isa = PBXFileReference; lastKnownFileType = sourcecode.swift; path = HomeViewController.swift; sourceTree = "<group>"; };
		43E3D01925A6F0A700F7F9C9 /* SurveyAppTests.xctest */ = {isa = PBXFileReference; explicitFileType = wrapper.cfbundle; includeInIndex = 0; path = SurveyAppTests.xctest; sourceTree = BUILT_PRODUCTS_DIR; };
		43E3D01D25A6F0A700F7F9C9 /* Info.plist */ = {isa = PBXFileReference; lastKnownFileType = text.plist.xml; path = Info.plist; sourceTree = "<group>"; };
		43E3D02825A7052700F7F9C9 /* SurveyCardView.swift */ = {isa = PBXFileReference; lastKnownFileType = sourcecode.swift; path = SurveyCardView.swift; sourceTree = "<group>"; };
		43E3D02E25A70B3500F7F9C9 /* Survey.swift */ = {isa = PBXFileReference; lastKnownFileType = sourcecode.swift; path = Survey.swift; sourceTree = "<group>"; };
		43E977EA25AED814009E13EA /* UIImage+Extensions.swift */ = {isa = PBXFileReference; fileEncoding = 4; lastKnownFileType = sourcecode.swift; name = "UIImage+Extensions.swift"; path = "../../../../Downloads/UIImage+Extensions.swift"; sourceTree = "<group>"; };
		43E977EB25AED814009E13EA /* UIButton+Extensions.swift */ = {isa = PBXFileReference; fileEncoding = 4; lastKnownFileType = sourcecode.swift; name = "UIButton+Extensions.swift"; path = "../../../../Downloads/UIButton+Extensions.swift"; sourceTree = "<group>"; };
		43E977EC25AED814009E13EA /* String+Extensions.swift */ = {isa = PBXFileReference; fileEncoding = 4; lastKnownFileType = sourcecode.swift; name = "String+Extensions.swift"; path = "../../../../Downloads/String+Extensions.swift"; sourceTree = "<group>"; };
		43E977ED25AED814009E13EA /* UITextField+Extensions.swift */ = {isa = PBXFileReference; fileEncoding = 4; lastKnownFileType = sourcecode.swift; name = "UITextField+Extensions.swift"; path = "../../../../Downloads/UITextField+Extensions.swift"; sourceTree = "<group>"; };
		43E977EE25AED814009E13EA /* Encodable+Extensions.swift */ = {isa = PBXFileReference; fileEncoding = 4; lastKnownFileType = sourcecode.swift; name = "Encodable+Extensions.swift"; path = "../../../../Downloads/Encodable+Extensions.swift"; sourceTree = "<group>"; };
		43E977EF25AED814009E13EA /* UIImageView+Extensions.swift */ = {isa = PBXFileReference; fileEncoding = 4; lastKnownFileType = sourcecode.swift; name = "UIImageView+Extensions.swift"; path = "../../../../Downloads/UIImageView+Extensions.swift"; sourceTree = "<group>"; };
		43E977F025AED814009E13EA /* UIView+Extensions.swift */ = {isa = PBXFileReference; fileEncoding = 4; lastKnownFileType = sourcecode.swift; name = "UIView+Extensions.swift"; path = "../../../../Downloads/UIView+Extensions.swift"; sourceTree = "<group>"; };
		43E977FA25AED9A9009E13EA /* HomeViewControllerTests.swift */ = {isa = PBXFileReference; lastKnownFileType = sourcecode.swift; path = HomeViewControllerTests.swift; sourceTree = "<group>"; };
		5DC3CD4C83C8055806491619 /* Pods_SurveyApp.framework */ = {isa = PBXFileReference; explicitFileType = wrapper.framework; includeInIndex = 0; path = Pods_SurveyApp.framework; sourceTree = BUILT_PRODUCTS_DIR; };
		7C92B8FBC7A33C69F2289A3A /* Pods-SurveyApp.debug.xcconfig */ = {isa = PBXFileReference; includeInIndex = 1; lastKnownFileType = text.xcconfig; name = "Pods-SurveyApp.debug.xcconfig"; path = "Target Support Files/Pods-SurveyApp/Pods-SurveyApp.debug.xcconfig"; sourceTree = "<group>"; };
/* End PBXFileReference section */

/* Begin PBXFrameworksBuildPhase section */
		4360728025A592DE0043F672 /* Frameworks */ = {
			isa = PBXFrameworksBuildPhase;
			buildActionMask = 2147483647;
			files = (
				E97CDAC147AB13970F4B3E3E /* Pods_SurveyApp.framework in Frameworks */,
			);
			runOnlyForDeploymentPostprocessing = 0;
		};
		43E3D01625A6F0A700F7F9C9 /* Frameworks */ = {
			isa = PBXFrameworksBuildPhase;
			buildActionMask = 2147483647;
			files = (
			);
			runOnlyForDeploymentPostprocessing = 0;
		};
/* End PBXFrameworksBuildPhase section */

/* Begin PBXGroup section */
		4347C93325A5CD84004F6E68 /* Services */ = {
			isa = PBXGroup;
			children = (
				4347C94825A5FE02004F6E68 /* Network */,
			);
			path = Services;
			sourceTree = "<group>";
		};
		4347C93425A5CD8D004F6E68 /* Models */ = {
			isa = PBXGroup;
			children = (
				4347C95225A60284004F6E68 /* User.swift */,
				43E3D02E25A70B3500F7F9C9 /* Survey.swift */,
			);
			path = Models;
			sourceTree = "<group>";
		};
		4347C93525A5CDA8004F6E68 /* Utilities */ = {
			isa = PBXGroup;
			children = (
				4347C93825A5E1BA004F6E68 /* Constants.swift */,
			);
			path = Utilities;
			sourceTree = "<group>";
		};
		4347C93725A5E0F7004F6E68 /* Extensions */ = {
			isa = PBXGroup;
			children = (
				43E977EE25AED814009E13EA /* Encodable+Extensions.swift */,
				43E977EC25AED814009E13EA /* String+Extensions.swift */,
				43E977EB25AED814009E13EA /* UIButton+Extensions.swift */,
				43E977EA25AED814009E13EA /* UIImage+Extensions.swift */,
				43E977EF25AED814009E13EA /* UIImageView+Extensions.swift */,
				43E977ED25AED814009E13EA /* UITextField+Extensions.swift */,
				43E977F025AED814009E13EA /* UIView+Extensions.swift */,
			);
			path = Extensions;
			sourceTree = "<group>";
		};
		4347C94625A5FAA2004F6E68 /* Controllers */ = {
			isa = PBXGroup;
			children = (
				4360728A25A592DE0043F672 /* LoginScreenViewController.swift */,
				43DB9AD025A63EDF008707CF /* HomeViewController.swift */,
				434482C525AC3BE7004D660E /* SurveyDetailViewController.swift */,
			);
			path = Controllers;
			sourceTree = "<group>";
		};
		4347C94725A5FB28004F6E68 /* Application */ = {
			isa = PBXGroup;
			children = (
			);
			path = Application;
			sourceTree = "<group>";
		};
		4347C94825A5FE02004F6E68 /* Network */ = {
			isa = PBXGroup;
			children = (
				4347C94A25A5FE1C004F6E68 /* API */,
				4347C94925A5FE15004F6E68 /* Requests */,
			);
			path = Network;
			sourceTree = "<group>";
		};
		4347C94925A5FE15004F6E68 /* Requests */ = {
			isa = PBXGroup;
			children = (
				4347C94B25A5FE33004F6E68 /* LoginRequest.swift */,
				434482E125AE041E004D660E /* AlamofireRequestModal.swift */,
			);
			path = Requests;
			sourceTree = "<group>";
		};
		4347C94A25A5FE1C004F6E68 /* API */ = {
			isa = PBXGroup;
			children = (
				4347C94F25A5FE8D004F6E68 /* AuthenticationService.swift */,
				43436A0F25AA55C4008A047D /* SurveyService.swift */,
				434482DD25AE03F9004D660E /* BaseService.swift */,
			);
			path = API;
			sourceTree = "<group>";
		};
		4360727A25A592DE0043F672 = {
			isa = PBXGroup;
			children = (
				4360728525A592DE0043F672 /* SurveyApp */,
				43E3D01A25A6F0A700F7F9C9 /* SurveyAppTests */,
				4360728425A592DE0043F672 /* Products */,
				D94642AE8B3A985DC8F92114 /* Pods */,
				88DB03C1E9268E043DFF369E /* Frameworks */,
			);
			sourceTree = "<group>";
		};
		4360728425A592DE0043F672 /* Products */ = {
			isa = PBXGroup;
			children = (
				4360728325A592DE0043F672 /* SurveyApp.app */,
				43E3D01925A6F0A700F7F9C9 /* SurveyAppTests.xctest */,
			);
			name = Products;
			sourceTree = "<group>";
		};
		4360728525A592DE0043F672 /* SurveyApp */ = {
			isa = PBXGroup;
			children = (
				43E3D02725A704FB00F7F9C9 /* Views */,
				4347C94725A5FB28004F6E68 /* Application */,
				4347C94625A5FAA2004F6E68 /* Controllers */,
				4347C93725A5E0F7004F6E68 /* Extensions */,
				4347C93525A5CDA8004F6E68 /* Utilities */,
				4347C93425A5CD8D004F6E68 /* Models */,
				4347C93325A5CD84004F6E68 /* Services */,
				4360728625A592DE0043F672 /* AppDelegate.swift */,
				4360728825A592DE0043F672 /* SceneDelegate.swift */,
				4360728F25A592E10043F672 /* Assets.xcassets */,
				4360729125A592E10043F672 /* LaunchScreen.storyboard */,
				4360729425A592E10043F672 /* Info.plist */,
			);
			path = SurveyApp;
			sourceTree = "<group>";
		};
		43E3D01A25A6F0A700F7F9C9 /* SurveyAppTests */ = {
			isa = PBXGroup;
			children = (
				43E3D01D25A6F0A700F7F9C9 /* Info.plist */,
				434482E525AEA6CA004D660E /* LoginViewControllerTests.swift */,
				434482EB25AEACD9004D660E /* AuthenticationServiceTests.swift */,
				43E977FA25AED9A9009E13EA /* HomeViewControllerTests.swift */,
			);
			path = SurveyAppTests;
			sourceTree = "<group>";
		};
		43E3D02725A704FB00F7F9C9 /* Views */ = {
			isa = PBXGroup;
			children = (
				43E3D02825A7052700F7F9C9 /* SurveyCardView.swift */,
			);
			path = Views;
			sourceTree = "<group>";
		};
		88DB03C1E9268E043DFF369E /* Frameworks */ = {
			isa = PBXGroup;
			children = (
				5DC3CD4C83C8055806491619 /* Pods_SurveyApp.framework */,
			);
			name = Frameworks;
			sourceTree = "<group>";
		};
		D94642AE8B3A985DC8F92114 /* Pods */ = {
			isa = PBXGroup;
			children = (
				7C92B8FBC7A33C69F2289A3A /* Pods-SurveyApp.debug.xcconfig */,
				3DCAC3D59C39B25B63D5BCF2 /* Pods-SurveyApp.release.xcconfig */,
			);
			path = Pods;
			sourceTree = "<group>";
		};
/* End PBXGroup section */

/* Begin PBXNativeTarget section */
		4360728225A592DE0043F672 /* SurveyApp */ = {
			isa = PBXNativeTarget;
			buildConfigurationList = 4360729725A592E10043F672 /* Build configuration list for PBXNativeTarget "SurveyApp" */;
			buildPhases = (
				F277CF192C86BDD4B7651B81 /* [CP] Check Pods Manifest.lock */,
				4360727F25A592DE0043F672 /* Sources */,
				4360728025A592DE0043F672 /* Frameworks */,
				4360728125A592DE0043F672 /* Resources */,
				CF9344000E6A3739CCAF8676 /* [CP] Embed Pods Frameworks */,
			);
			buildRules = (
			);
			dependencies = (
			);
			name = SurveyApp;
			productName = SurveyApp;
			productReference = 4360728325A592DE0043F672 /* SurveyApp.app */;
			productType = "com.apple.product-type.application";
		};
		43E3D01825A6F0A700F7F9C9 /* SurveyAppTests */ = {
			isa = PBXNativeTarget;
			buildConfigurationList = 43E3D02225A6F0A700F7F9C9 /* Build configuration list for PBXNativeTarget "SurveyAppTests" */;
			buildPhases = (
				43E3D01525A6F0A700F7F9C9 /* Sources */,
				43E3D01625A6F0A700F7F9C9 /* Frameworks */,
				43E3D01725A6F0A700F7F9C9 /* Resources */,
			);
			buildRules = (
			);
			dependencies = (
				43E3D01F25A6F0A700F7F9C9 /* PBXTargetDependency */,
			);
			name = SurveyAppTests;
			productName = SurveyAppTests;
			productReference = 43E3D01925A6F0A700F7F9C9 /* SurveyAppTests.xctest */;
			productType = "com.apple.product-type.bundle.unit-test";
		};
/* End PBXNativeTarget section */

/* Begin PBXProject section */
		4360727B25A592DE0043F672 /* Project object */ = {
			isa = PBXProject;
			attributes = {
				LastSwiftUpdateCheck = 1220;
				LastUpgradeCheck = 1220;
				TargetAttributes = {
					4360728225A592DE0043F672 = {
						CreatedOnToolsVersion = 12.2;
					};
					43E3D01825A6F0A700F7F9C9 = {
						CreatedOnToolsVersion = 12.2;
						TestTargetID = 4360728225A592DE0043F672;
					};
				};
			};
			buildConfigurationList = 4360727E25A592DE0043F672 /* Build configuration list for PBXProject "SurveyApp" */;
			compatibilityVersion = "Xcode 9.3";
			developmentRegion = en;
			hasScannedForEncodings = 0;
			knownRegions = (
				en,
				Base,
			);
			mainGroup = 4360727A25A592DE0043F672;
			productRefGroup = 4360728425A592DE0043F672 /* Products */;
			projectDirPath = "";
			projectRoot = "";
			targets = (
				4360728225A592DE0043F672 /* SurveyApp */,
				43E3D01825A6F0A700F7F9C9 /* SurveyAppTests */,
			);
		};
/* End PBXProject section */

/* Begin PBXResourcesBuildPhase section */
		4360728125A592DE0043F672 /* Resources */ = {
			isa = PBXResourcesBuildPhase;
			buildActionMask = 2147483647;
			files = (
				4360729325A592E10043F672 /* LaunchScreen.storyboard in Resources */,
				4360729025A592E10043F672 /* Assets.xcassets in Resources */,
			);
			runOnlyForDeploymentPostprocessing = 0;
		};
		43E3D01725A6F0A700F7F9C9 /* Resources */ = {
			isa = PBXResourcesBuildPhase;
			buildActionMask = 2147483647;
			files = (
			);
			runOnlyForDeploymentPostprocessing = 0;
		};
/* End PBXResourcesBuildPhase section */

/* Begin PBXShellScriptBuildPhase section */
		CF9344000E6A3739CCAF8676 /* [CP] Embed Pods Frameworks */ = {
			isa = PBXShellScriptBuildPhase;
			buildActionMask = 2147483647;
			files = (
			);
			inputFileListPaths = (
				"${PODS_ROOT}/Target Support Files/Pods-SurveyApp/Pods-SurveyApp-frameworks-${CONFIGURATION}-input-files.xcfilelist",
			);
			name = "[CP] Embed Pods Frameworks";
			outputFileListPaths = (
				"${PODS_ROOT}/Target Support Files/Pods-SurveyApp/Pods-SurveyApp-frameworks-${CONFIGURATION}-output-files.xcfilelist",
			);
			runOnlyForDeploymentPostprocessing = 0;
			shellPath = /bin/sh;
			shellScript = "\"${PODS_ROOT}/Target Support Files/Pods-SurveyApp/Pods-SurveyApp-frameworks.sh\"\n";
			showEnvVarsInLog = 0;
		};
		F277CF192C86BDD4B7651B81 /* [CP] Check Pods Manifest.lock */ = {
			isa = PBXShellScriptBuildPhase;
			buildActionMask = 2147483647;
			files = (
			);
			inputFileListPaths = (
			);
			inputPaths = (
				"${PODS_PODFILE_DIR_PATH}/Podfile.lock",
				"${PODS_ROOT}/Manifest.lock",
			);
			name = "[CP] Check Pods Manifest.lock";
			outputFileListPaths = (
			);
			outputPaths = (
				"$(DERIVED_FILE_DIR)/Pods-SurveyApp-checkManifestLockResult.txt",
			);
			runOnlyForDeploymentPostprocessing = 0;
			shellPath = /bin/sh;
			shellScript = "diff \"${PODS_PODFILE_DIR_PATH}/Podfile.lock\" \"${PODS_ROOT}/Manifest.lock\" > /dev/null\nif [ $? != 0 ] ; then\n    # print error to STDERR\n    echo \"error: The sandbox is not in sync with the Podfile.lock. Run 'pod install' or update your CocoaPods installation.\" >&2\n    exit 1\nfi\n# This output is used by Xcode 'outputs' to avoid re-running this script phase.\necho \"SUCCESS\" > \"${SCRIPT_OUTPUT_FILE_0}\"\n";
			showEnvVarsInLog = 0;
		};
/* End PBXShellScriptBuildPhase section */

/* Begin PBXSourcesBuildPhase section */
		4360727F25A592DE0043F672 /* Sources */ = {
			isa = PBXSourcesBuildPhase;
			buildActionMask = 2147483647;
			files = (
				43E977F725AED814009E13EA /* UIView+Extensions.swift in Sources */,
				4360728B25A592DE0043F672 /* LoginScreenViewController.swift in Sources */,
				4360728725A592DE0043F672 /* AppDelegate.swift in Sources */,
				4360728925A592DE0043F672 /* SceneDelegate.swift in Sources */,
				43E977F525AED814009E13EA /* Encodable+Extensions.swift in Sources */,
				43DB9AD125A63EDF008707CF /* HomeViewController.swift in Sources */,
				434482DE25AE03F9004D660E /* BaseService.swift in Sources */,
				4347C95325A60284004F6E68 /* User.swift in Sources */,
				434482E225AE041E004D660E /* AlamofireRequestModal.swift in Sources */,
				43E3D02F25A70B3500F7F9C9 /* Survey.swift in Sources */,
				43E3D02925A7052700F7F9C9 /* SurveyCardView.swift in Sources */,
				43E977F625AED814009E13EA /* UIImageView+Extensions.swift in Sources */,
				43E977F225AED814009E13EA /* UIButton+Extensions.swift in Sources */,
				434482C625AC3BE7004D660E /* SurveyDetailViewController.swift in Sources */,
				4347C94C25A5FE33004F6E68 /* LoginRequest.swift in Sources */,
				43E977F325AED814009E13EA /* String+Extensions.swift in Sources */,
				4347C93925A5E1BA004F6E68 /* Constants.swift in Sources */,
				43E977F125AED814009E13EA /* UIImage+Extensions.swift in Sources */,
				43E977F425AED814009E13EA /* UITextField+Extensions.swift in Sources */,
				4347C95025A5FE8D004F6E68 /* AuthenticationService.swift in Sources */,
				43436A1025AA55C4008A047D /* SurveyService.swift in Sources */,
			);
			runOnlyForDeploymentPostprocessing = 0;
		};
		43E3D01525A6F0A700F7F9C9 /* Sources */ = {
			isa = PBXSourcesBuildPhase;
			buildActionMask = 2147483647;
			files = (
				434482EC25AEACD9004D660E /* AuthenticationServiceTests.swift in Sources */,
				43E977FB25AED9A9009E13EA /* HomeViewControllerTests.swift in Sources */,
				434482E625AEA6CA004D660E /* LoginViewControllerTests.swift in Sources */,
			);
			runOnlyForDeploymentPostprocessing = 0;
		};
/* End PBXSourcesBuildPhase section */

/* Begin PBXTargetDependency section */
		43E3D01F25A6F0A700F7F9C9 /* PBXTargetDependency */ = {
			isa = PBXTargetDependency;
			target = 4360728225A592DE0043F672 /* SurveyApp */;
			targetProxy = 43E3D01E25A6F0A700F7F9C9 /* PBXContainerItemProxy */;
		};
/* End PBXTargetDependency section */

/* Begin PBXVariantGroup section */
		4360729125A592E10043F672 /* LaunchScreen.storyboard */ = {
			isa = PBXVariantGroup;
			children = (
				4360729225A592E10043F672 /* Base */,
			);
			name = LaunchScreen.storyboard;
			sourceTree = "<group>";
		};
/* End PBXVariantGroup section */

/* Begin XCBuildConfiguration section */
		4360729525A592E10043F672 /* Debug */ = {
			isa = XCBuildConfiguration;
			buildSettings = {
				ALWAYS_SEARCH_USER_PATHS = NO;
				CLANG_ANALYZER_NONNULL = YES;
				CLANG_ANALYZER_NUMBER_OBJECT_CONVERSION = YES_AGGRESSIVE;
				CLANG_CXX_LANGUAGE_STANDARD = "gnu++14";
				CLANG_CXX_LIBRARY = "libc++";
				CLANG_ENABLE_MODULES = YES;
				CLANG_ENABLE_OBJC_ARC = YES;
				CLANG_ENABLE_OBJC_WEAK = YES;
				CLANG_WARN_BLOCK_CAPTURE_AUTORELEASING = YES;
				CLANG_WARN_BOOL_CONVERSION = YES;
				CLANG_WARN_COMMA = YES;
				CLANG_WARN_CONSTANT_CONVERSION = YES;
				CLANG_WARN_DEPRECATED_OBJC_IMPLEMENTATIONS = YES;
				CLANG_WARN_DIRECT_OBJC_ISA_USAGE = YES_ERROR;
				CLANG_WARN_DOCUMENTATION_COMMENTS = YES;
				CLANG_WARN_EMPTY_BODY = YES;
				CLANG_WARN_ENUM_CONVERSION = YES;
				CLANG_WARN_INFINITE_RECURSION = YES;
				CLANG_WARN_INT_CONVERSION = YES;
				CLANG_WARN_NON_LITERAL_NULL_CONVERSION = YES;
				CLANG_WARN_OBJC_IMPLICIT_RETAIN_SELF = YES;
				CLANG_WARN_OBJC_LITERAL_CONVERSION = YES;
				CLANG_WARN_OBJC_ROOT_CLASS = YES_ERROR;
				CLANG_WARN_QUOTED_INCLUDE_IN_FRAMEWORK_HEADER = YES;
				CLANG_WARN_RANGE_LOOP_ANALYSIS = YES;
				CLANG_WARN_STRICT_PROTOTYPES = YES;
				CLANG_WARN_SUSPICIOUS_MOVE = YES;
				CLANG_WARN_UNGUARDED_AVAILABILITY = YES_AGGRESSIVE;
				CLANG_WARN_UNREACHABLE_CODE = YES;
				CLANG_WARN__DUPLICATE_METHOD_MATCH = YES;
				COPY_PHASE_STRIP = NO;
				DEBUG_INFORMATION_FORMAT = dwarf;
				ENABLE_STRICT_OBJC_MSGSEND = YES;
				ENABLE_TESTABILITY = YES;
				GCC_C_LANGUAGE_STANDARD = gnu11;
				GCC_DYNAMIC_NO_PIC = NO;
				GCC_NO_COMMON_BLOCKS = YES;
				GCC_OPTIMIZATION_LEVEL = 0;
				GCC_PREPROCESSOR_DEFINITIONS = (
					"DEBUG=1",
					"$(inherited)",
				);
				GCC_WARN_64_TO_32_BIT_CONVERSION = YES;
				GCC_WARN_ABOUT_RETURN_TYPE = YES_ERROR;
				GCC_WARN_UNDECLARED_SELECTOR = YES;
				GCC_WARN_UNINITIALIZED_AUTOS = YES_AGGRESSIVE;
				GCC_WARN_UNUSED_FUNCTION = YES;
				GCC_WARN_UNUSED_VARIABLE = YES;
				IPHONEOS_DEPLOYMENT_TARGET = 10.0;
				MTL_ENABLE_DEBUG_INFO = INCLUDE_SOURCE;
				MTL_FAST_MATH = YES;
				ONLY_ACTIVE_ARCH = YES;
				SDKROOT = iphoneos;
				SWIFT_ACTIVE_COMPILATION_CONDITIONS = DEBUG;
				SWIFT_OPTIMIZATION_LEVEL = "-Onone";
			};
			name = Debug;
		};
		4360729625A592E10043F672 /* Release */ = {
			isa = XCBuildConfiguration;
			buildSettings = {
				ALWAYS_SEARCH_USER_PATHS = NO;
				CLANG_ANALYZER_NONNULL = YES;
				CLANG_ANALYZER_NUMBER_OBJECT_CONVERSION = YES_AGGRESSIVE;
				CLANG_CXX_LANGUAGE_STANDARD = "gnu++14";
				CLANG_CXX_LIBRARY = "libc++";
				CLANG_ENABLE_MODULES = YES;
				CLANG_ENABLE_OBJC_ARC = YES;
				CLANG_ENABLE_OBJC_WEAK = YES;
				CLANG_WARN_BLOCK_CAPTURE_AUTORELEASING = YES;
				CLANG_WARN_BOOL_CONVERSION = YES;
				CLANG_WARN_COMMA = YES;
				CLANG_WARN_CONSTANT_CONVERSION = YES;
				CLANG_WARN_DEPRECATED_OBJC_IMPLEMENTATIONS = YES;
				CLANG_WARN_DIRECT_OBJC_ISA_USAGE = YES_ERROR;
				CLANG_WARN_DOCUMENTATION_COMMENTS = YES;
				CLANG_WARN_EMPTY_BODY = YES;
				CLANG_WARN_ENUM_CONVERSION = YES;
				CLANG_WARN_INFINITE_RECURSION = YES;
				CLANG_WARN_INT_CONVERSION = YES;
				CLANG_WARN_NON_LITERAL_NULL_CONVERSION = YES;
				CLANG_WARN_OBJC_IMPLICIT_RETAIN_SELF = YES;
				CLANG_WARN_OBJC_LITERAL_CONVERSION = YES;
				CLANG_WARN_OBJC_ROOT_CLASS = YES_ERROR;
				CLANG_WARN_QUOTED_INCLUDE_IN_FRAMEWORK_HEADER = YES;
				CLANG_WARN_RANGE_LOOP_ANALYSIS = YES;
				CLANG_WARN_STRICT_PROTOTYPES = YES;
				CLANG_WARN_SUSPICIOUS_MOVE = YES;
				CLANG_WARN_UNGUARDED_AVAILABILITY = YES_AGGRESSIVE;
				CLANG_WARN_UNREACHABLE_CODE = YES;
				CLANG_WARN__DUPLICATE_METHOD_MATCH = YES;
				COPY_PHASE_STRIP = NO;
				DEBUG_INFORMATION_FORMAT = "dwarf-with-dsym";
				ENABLE_NS_ASSERTIONS = NO;
				ENABLE_STRICT_OBJC_MSGSEND = YES;
				GCC_C_LANGUAGE_STANDARD = gnu11;
				GCC_NO_COMMON_BLOCKS = YES;
				GCC_WARN_64_TO_32_BIT_CONVERSION = YES;
				GCC_WARN_ABOUT_RETURN_TYPE = YES_ERROR;
				GCC_WARN_UNDECLARED_SELECTOR = YES;
				GCC_WARN_UNINITIALIZED_AUTOS = YES_AGGRESSIVE;
				GCC_WARN_UNUSED_FUNCTION = YES;
				GCC_WARN_UNUSED_VARIABLE = YES;
				IPHONEOS_DEPLOYMENT_TARGET = 10.0;
				MTL_ENABLE_DEBUG_INFO = NO;
				MTL_FAST_MATH = YES;
				SDKROOT = iphoneos;
				SWIFT_COMPILATION_MODE = wholemodule;
				SWIFT_OPTIMIZATION_LEVEL = "-O";
				VALIDATE_PRODUCT = YES;
			};
			name = Release;
		};
		4360729825A592E10043F672 /* Debug */ = {
			isa = XCBuildConfiguration;
			baseConfigurationReference = 7C92B8FBC7A33C69F2289A3A /* Pods-SurveyApp.debug.xcconfig */;
			buildSettings = {
				ASSETCATALOG_COMPILER_APPICON_NAME = AppIcon;
				ASSETCATALOG_COMPILER_GLOBAL_ACCENT_COLOR_NAME = AccentColor;
				CODE_SIGN_STYLE = Automatic;
				INFOPLIST_FILE = SurveyApp/Info.plist;
				LD_RUNPATH_SEARCH_PATHS = (
					"$(inherited)",
					"@executable_path/Frameworks",
				);
				PRODUCT_BUNDLE_IDENTIFIER = com.chida.SurveyApp;
				PRODUCT_NAME = "$(TARGET_NAME)";
				SWIFT_VERSION = 5.0;
				TARGETED_DEVICE_FAMILY = "1,2";
			};
			name = Debug;
		};
		4360729925A592E10043F672 /* Release */ = {
			isa = XCBuildConfiguration;
			baseConfigurationReference = 3DCAC3D59C39B25B63D5BCF2 /* Pods-SurveyApp.release.xcconfig */;
			buildSettings = {
				ASSETCATALOG_COMPILER_APPICON_NAME = AppIcon;
				ASSETCATALOG_COMPILER_GLOBAL_ACCENT_COLOR_NAME = AccentColor;
				CODE_SIGN_STYLE = Automatic;
				INFOPLIST_FILE = SurveyApp/Info.plist;
				LD_RUNPATH_SEARCH_PATHS = (
					"$(inherited)",
					"@executable_path/Frameworks",
				);
				PRODUCT_BUNDLE_IDENTIFIER = com.chida.SurveyApp;
				PRODUCT_NAME = "$(TARGET_NAME)";
				SWIFT_VERSION = 5.0;
				TARGETED_DEVICE_FAMILY = "1,2";
			};
			name = Release;
		};
		43E3D02025A6F0A700F7F9C9 /* Debug */ = {
			isa = XCBuildConfiguration;
			buildSettings = {
				BUNDLE_LOADER = "$(TEST_HOST)";
				CODE_SIGN_STYLE = Automatic;
				INFOPLIST_FILE = SurveyAppTests/Info.plist;
				IPHONEOS_DEPLOYMENT_TARGET = 14.2;
				LD_RUNPATH_SEARCH_PATHS = (
					"$(inherited)",
					"@executable_path/Frameworks",
					"@loader_path/Frameworks",
				);
				PRODUCT_BUNDLE_IDENTIFIER = com.chida.SurveyAppTests;
				PRODUCT_NAME = "$(TARGET_NAME)";
				SWIFT_VERSION = 5.0;
				TARGETED_DEVICE_FAMILY = "1,2";
				TEST_HOST = "$(BUILT_PRODUCTS_DIR)/SurveyApp.app/SurveyApp";
			};
			name = Debug;
		};
		43E3D02125A6F0A700F7F9C9 /* Release */ = {
			isa = XCBuildConfiguration;
			buildSettings = {
				BUNDLE_LOADER = "$(TEST_HOST)";
				CODE_SIGN_STYLE = Automatic;
				INFOPLIST_FILE = SurveyAppTests/Info.plist;
				IPHONEOS_DEPLOYMENT_TARGET = 14.2;
				LD_RUNPATH_SEARCH_PATHS = (
					"$(inherited)",
					"@executable_path/Frameworks",
					"@loader_path/Frameworks",
				);
				PRODUCT_BUNDLE_IDENTIFIER = com.chida.SurveyAppTests;
				PRODUCT_NAME = "$(TARGET_NAME)";
				SWIFT_VERSION = 5.0;
				TARGETED_DEVICE_FAMILY = "1,2";
				TEST_HOST = "$(BUILT_PRODUCTS_DIR)/SurveyApp.app/SurveyApp";
			};
			name = Release;
		};
/* End XCBuildConfiguration section */

/* Begin XCConfigurationList section */
		4360727E25A592DE0043F672 /* Build configuration list for PBXProject "SurveyApp" */ = {
			isa = XCConfigurationList;
			buildConfigurations = (
				4360729525A592E10043F672 /* Debug */,
				4360729625A592E10043F672 /* Release */,
			);
			defaultConfigurationIsVisible = 0;
			defaultConfigurationName = Release;
		};
		4360729725A592E10043F672 /* Build configuration list for PBXNativeTarget "SurveyApp" */ = {
			isa = XCConfigurationList;
			buildConfigurations = (
				4360729825A592E10043F672 /* Debug */,
				4360729925A592E10043F672 /* Release */,
			);
			defaultConfigurationIsVisible = 0;
			defaultConfigurationName = Release;
		};
		43E3D02225A6F0A700F7F9C9 /* Build configuration list for PBXNativeTarget "SurveyAppTests" */ = {
			isa = XCConfigurationList;
			buildConfigurations = (
				43E3D02025A6F0A700F7F9C9 /* Debug */,
				43E3D02125A6F0A700F7F9C9 /* Release */,
			);
			defaultConfigurationIsVisible = 0;
			defaultConfigurationName = Release;
		};
/* End XCConfigurationList section */
	};
	rootObject = 4360727B25A592DE0043F672 /* Project object */;
}
